Microsoft Visual Studio Solution File, Format Version 12.00
# Visual Studio Version 17
VisualStudioVersion = 17.5.2.0
MinimumVisualStudioVersion = 10.0.40219.1
Project("{FAE04EC0-301F-11D3-BF4B-00C04F79EFBC}") = "RedisSessionCache", "RedisSessionCache.csproj", "{78511BAF-43D2-6CE2-C581-6ACB754F3455}"
EndProject
Global
	GlobalSection(SolutionConfigurationPlatforms) = preSolution
		Debug|Any CPU = Debug|Any CPU
		Release|Any CPU = Release|Any CPU
	EndGlobalSection
	GlobalSection(ProjectConfigurationPlatforms) = postSolution
		{78511BAF-43D2-6CE2-C581-6ACB754F3455}.Debug|Any CPU.ActiveCfg = Debug|Any CPU
		{78511BAF-43D2-6CE2-C581-6ACB754F3455}.Debug|Any CPU.Build.0 = Debug|Any CPU
		{78511BAF-43D2-6CE2-C581-6ACB754F3455}.Release|Any CPU.ActiveCfg = Release|Any CPU
		{78511BAF-43D2-6CE2-C581-6ACB754F3455}.Release|Any CPU.Build.0 = Release|Any CPU
	EndGlobalSection
	GlobalSection(SolutionProperties) = preSolution
		HideSolutionNode = FALSE
	EndGlobalSection
	GlobalSection(ExtensibilityGlobals) = postSolution
		SolutionGuid = {96A9B3F1-157A-4C41-972E-95CE1ACBCD31}
	EndGlobalSection
EndGlobal
